{
  "pins" : [
    {
      "identity" : "animatedgradientview",
      "kind" : "remoteSourceControl",
      "location" : "https://github.com/rwbutler/AnimatedGradientView.git",
      "state" : {
        "revision" : "c82c3c0e311a7164f0bee4bd52ca525c5b6da4f6",
        "version" : "3.1.1"
      }
    },
    {
      "identity" : "lottie-ios",
      "kind" : "remoteSourceControl",
      "location" : "https://github.com/airbnb/lottie-ios.git",
      "state" : {
        "revision" : "f522990668c2f9132323a2e68d924c7dcb9130b4",
        "version" : "4.4.0"
      }
    }
  ],
  "version" : 2
}
