// !$*UTF8*$!
{
	archiveVersion = 1;
	classes = {
	};
	objectVersion = 56;
	objects = {

/* Begin PBXBuildFile section */
		42302C9D2BBB4112000C8ED3 /* FirebaseAnalytics in Frameworks */ = {isa = PBXBuildFile; productRef = 42302C9C2BBB4112000C8ED3 /* FirebaseAnalytics */; };
		42302C9F2BBB4112000C8ED3 /* FirebaseAuth in Frameworks */ = {isa = PBXBuildFile; productRef = 42302C9E2BBB4112000C8ED3 /* FirebaseAuth */; };
		42302CA12BBB4112000C8ED3 /* FirebaseDatabase in Frameworks */ = {isa = PBXBuildFile; productRef = 42302CA02BBB4112000C8ED3 /* FirebaseDatabase */; };
		42302CA32BBB4112000C8ED3 /* FirebaseDatabaseSwift in Frameworks */ = {isa = PBXBuildFile; productRef = 42302CA22BBB4112000C8ED3 /* FirebaseDatabaseSwift */; };
		42302CA52BBB4112000C8ED3 /* FirebaseFirestore in Frameworks */ = {isa = PBXBuildFile; productRef = 42302CA42BBB4112000C8ED3 /* FirebaseFirestore */; };
		42302CA72BBB4112000C8ED3 /* FirebaseFirestoreSwift in Frameworks */ = {isa = PBXBuildFile; productRef = 42302CA62BBB4112000C8ED3 /* FirebaseFirestoreSwift */; };
		42302CA92BBB4112000C8ED3 /* FirebaseStorage in Frameworks */ = {isa = PBXBuildFile; productRef = 42302CA82BBB4112000C8ED3 /* FirebaseStorage */; };
		42302CAC2BBB411B000C8ED3 /* AnimatedGradientView in Frameworks */ = {isa = PBXBuildFile; productRef = 42302CAB2BBB411B000C8ED3 /* AnimatedGradientView */; };
		42302CAF2BBB4143000C8ED3 /* Lottie in Frameworks */ = {isa = PBXBuildFile; productRef = 42302CAE2BBB4143000C8ED3 /* Lottie */; };
		42302CB22BBB414A000C8ED3 /* Eureka in Frameworks */ = {isa = PBXBuildFile; productRef = 42302CB12BBB414A000C8ED3 /* Eureka */; };
		42CEE8EC2B98E191002BC9B3 /* RegisterViewController.swift in Sources */ = {isa = PBXBuildFile; fileRef = 42CEE8EB2B98E191002BC9B3 /* RegisterViewController.swift */; };
		730FC21C2BB53925007695D3 /* Tournament view.xib in Resources */ = {isa = PBXBuildFile; fileRef = 730FC21B2BB53925007695D3 /* Tournament view.xib */; };
		738327C52BB7961300D8663F /* matchteamtournamentViewController.swift in Sources */ = {isa = PBXBuildFile; fileRef = 738327C42BB7961300D8663F /* matchteamtournamentViewController.swift */; };
		E124C1712B983387004EEB69 /* LoginViewController.swift in Sources */ = {isa = PBXBuildFile; fileRef = E124C1702B983387004EEB69 /* LoginViewController.swift */; };
		E124C1732B98E3A9004EEB69 /* GoogleService-Info.plist in Resources */ = {isa = PBXBuildFile; fileRef = E124C1722B98E3A9004EEB69 /* GoogleService-Info.plist */; };
		E1372E822B840A16004931BD /* AppDelegate.swift in Sources */ = {isa = PBXBuildFile; fileRef = E1372E812B840A16004931BD /* AppDelegate.swift */; };
		E1372E842B840A16004931BD /* SceneDelegate.swift in Sources */ = {isa = PBXBuildFile; fileRef = E1372E832B840A16004931BD /* SceneDelegate.swift */; };
		E1372E892B840A16004931BD /* Main.storyboard in Resources */ = {isa = PBXBuildFile; fileRef = E1372E872B840A16004931BD /* Main.storyboard */; };
		E1372E8B2B840A17004931BD /* Assets.xcassets in Resources */ = {isa = PBXBuildFile; fileRef = E1372E8A2B840A17004931BD /* Assets.xcassets */; };
		E1372E8E2B840A17004931BD /* LaunchScreen.storyboard in Resources */ = {isa = PBXBuildFile; fileRef = E1372E8C2B840A17004931BD /* LaunchScreen.storyboard */; };
		E1372E992B840A17004931BD /* _4643Sec04Team04Spring2024FinalProjectTests.swift in Sources */ = {isa = PBXBuildFile; fileRef = E1372E982B840A17004931BD /* _4643Sec04Team04Spring2024FinalProjectTests.swift */; };
		E1372EA32B840A17004931BD /* _4643Sec04Team04Spring2024FinalProjectUITests.swift in Sources */ = {isa = PBXBuildFile; fileRef = E1372EA22B840A17004931BD /* _4643Sec04Team04Spring2024FinalProjectUITests.swift */; };
		E1372EA52B840A17004931BD /* _4643Sec04Team04Spring2024FinalProjectUITestsLaunchTests.swift in Sources */ = {isa = PBXBuildFile; fileRef = E1372EA42B840A17004931BD /* _4643Sec04Team04Spring2024FinalProjectUITestsLaunchTests.swift */; };
		E169760D2BB3CD5400BBD065 /* HomeVC.swift in Sources */ = {isa = PBXBuildFile; fileRef = E169760C2BB3CD5400BBD065 /* HomeVC.swift */; };
		E16976112BB3CF1600BBD065 /* MyStatsCollectionViewController.swift in Sources */ = {isa = PBXBuildFile; fileRef = E16976102BB3CF1600BBD065 /* MyStatsCollectionViewController.swift */; };
		E16976152BB3CFF600BBD065 /* ProfileVC.swift in Sources */ = {isa = PBXBuildFile; fileRef = E16976142BB3CFF600BBD065 /* ProfileVC.swift */; };
		E19704FD2BB4D6090067D8F6 /* CreateTournamentVC.swift in Sources */ = {isa = PBXBuildFile; fileRef = E19704FC2BB4D6090067D8F6 /* CreateTournamentVC.swift */; };
		E19705022BB4D87B0067D8F6 /* MyTournamentsVC.swift in Sources */ = {isa = PBXBuildFile; fileRef = E19705012BB4D87B0067D8F6 /* MyTournamentsVC.swift */; };
/* End PBXBuildFile section */

/* Begin PBXContainerItemProxy section */
		E1372E952B840A17004931BD /* PBXContainerItemProxy */ = {
			isa = PBXContainerItemProxy;
			containerPortal = E1372E762B840A16004931BD /* Project object */;
			proxyType = 1;
			remoteGlobalIDString = E1372E7D2B840A16004931BD;
			remoteInfo = 44643Sec04Team04Spring2024FinalProject;
		};
		E1372E9F2B840A17004931BD /* PBXContainerItemProxy */ = {
			isa = PBXContainerItemProxy;
			containerPortal = E1372E762B840A16004931BD /* Project object */;
			proxyType = 1;
			remoteGlobalIDString = E1372E7D2B840A16004931BD;
			remoteInfo = 44643Sec04Team04Spring2024FinalProject;
		};
/* End PBXContainerItemProxy section */

/* Begin PBXFileReference section */
		42CEE8EB2B98E191002BC9B3 /* RegisterViewController.swift */ = {isa = PBXFileReference; lastKnownFileType = sourcecode.swift; path = RegisterViewController.swift; sourceTree = "<group>"; };
		730FC21B2BB53925007695D3 /* Tournament view.xib */ = {isa = PBXFileReference; lastKnownFileType = file.xib; path = "Tournament view.xib"; sourceTree = "<group>"; };
		738327C42BB7961300D8663F /* matchteamtournamentViewController.swift */ = {isa = PBXFileReference; lastKnownFileType = sourcecode.swift; path = matchteamtournamentViewController.swift; sourceTree = "<group>"; };
		E124C1702B983387004EEB69 /* LoginViewController.swift */ = {isa = PBXFileReference; lastKnownFileType = sourcecode.swift; path = LoginViewController.swift; sourceTree = "<group>"; };
		E124C1722B98E3A9004EEB69 /* GoogleService-Info.plist */ = {isa = PBXFileReference; fileEncoding = 4; lastKnownFileType = text.plist.xml; path = "GoogleService-Info.plist"; sourceTree = "<group>"; };
		E1372E7E2B840A16004931BD /* 44643Sec04Team04Spring2024FinalProject.app */ = {isa = PBXFileReference; explicitFileType = wrapper.application; includeInIndex = 0; path = 44643Sec04Team04Spring2024FinalProject.app; sourceTree = BUILT_PRODUCTS_DIR; };
		E1372E812B840A16004931BD /* AppDelegate.swift */ = {isa = PBXFileReference; lastKnownFileType = sourcecode.swift; path = AppDelegate.swift; sourceTree = "<group>"; };
		E1372E832B840A16004931BD /* SceneDelegate.swift */ = {isa = PBXFileReference; lastKnownFileType = sourcecode.swift; path = SceneDelegate.swift; sourceTree = "<group>"; };
		E1372E882B840A16004931BD /* Base */ = {isa = PBXFileReference; lastKnownFileType = file.storyboard; name = Base; path = Base.lproj/Main.storyboard; sourceTree = "<group>"; };
		E1372E8A2B840A17004931BD /* Assets.xcassets */ = {isa = PBXFileReference; lastKnownFileType = folder.assetcatalog; path = Assets.xcassets; sourceTree = "<group>"; };
		E1372E8D2B840A17004931BD /* Base */ = {isa = PBXFileReference; lastKnownFileType = file.storyboard; name = Base; path = Base.lproj/LaunchScreen.storyboard; sourceTree = "<group>"; };
		E1372E8F2B840A17004931BD /* Info.plist */ = {isa = PBXFileReference; lastKnownFileType = text.plist.xml; path = Info.plist; sourceTree = "<group>"; };
		E1372E942B840A17004931BD /* 44643Sec04Team04Spring2024FinalProjectTests.xctest */ = {isa = PBXFileReference; explicitFileType = wrapper.cfbundle; includeInIndex = 0; path = 44643Sec04Team04Spring2024FinalProjectTests.xctest; sourceTree = BUILT_PRODUCTS_DIR; };
		E1372E982B840A17004931BD /* _4643Sec04Team04Spring2024FinalProjectTests.swift */ = {isa = PBXFileReference; lastKnownFileType = sourcecode.swift; path = _4643Sec04Team04Spring2024FinalProjectTests.swift; sourceTree = "<group>"; };
		E1372E9E2B840A17004931BD /* 44643Sec04Team04Spring2024FinalProjectUITests.xctest */ = {isa = PBXFileReference; explicitFileType = wrapper.cfbundle; includeInIndex = 0; path = 44643Sec04Team04Spring2024FinalProjectUITests.xctest; sourceTree = BUILT_PRODUCTS_DIR; };
		E1372EA22B840A17004931BD /* _4643Sec04Team04Spring2024FinalProjectUITests.swift */ = {isa = PBXFileReference; lastKnownFileType = sourcecode.swift; path = _4643Sec04Team04Spring2024FinalProjectUITests.swift; sourceTree = "<group>"; };
		E1372EA42B840A17004931BD /* _4643Sec04Team04Spring2024FinalProjectUITestsLaunchTests.swift */ = {isa = PBXFileReference; lastKnownFileType = sourcecode.swift; path = _4643Sec04Team04Spring2024FinalProjectUITestsLaunchTests.swift; sourceTree = "<group>"; };
		E169760C2BB3CD5400BBD065 /* HomeVC.swift */ = {isa = PBXFileReference; lastKnownFileType = sourcecode.swift; path = HomeVC.swift; sourceTree = "<group>"; };
		E16976102BB3CF1600BBD065 /* MyStatsCollectionViewController.swift */ = {isa = PBXFileReference; lastKnownFileType = sourcecode.swift; path = MyStatsCollectionViewController.swift; sourceTree = "<group>"; };
		E16976142BB3CFF600BBD065 /* ProfileVC.swift */ = {isa = PBXFileReference; lastKnownFileType = sourcecode.swift; path = ProfileVC.swift; sourceTree = "<group>"; };
		E19704FC2BB4D6090067D8F6 /* CreateTournamentVC.swift */ = {isa = PBXFileReference; lastKnownFileType = sourcecode.swift; path = CreateTournamentVC.swift; sourceTree = "<group>"; };
		E19705012BB4D87B0067D8F6 /* MyTournamentsVC.swift */ = {isa = PBXFileReference; lastKnownFileType = sourcecode.swift; path = MyTournamentsVC.swift; sourceTree = "<group>"; };
/* End PBXFileReference section */

/* Begin PBXFrameworksBuildPhase section */
		E1372E7B2B840A16004931BD /* Frameworks */ = {
			isa = PBXFrameworksBuildPhase;
			buildActionMask = 2147483647;
			files = (
				42302CAC2BBB411B000C8ED3 /* AnimatedGradientView in Frameworks */,
				42302CA32BBB4112000C8ED3 /* FirebaseDatabaseSwift in Frameworks */,
				42302CAF2BBB4143000C8ED3 /* Lottie in Frameworks */,
				42302CA12BBB4112000C8ED3 /* FirebaseDatabase in Frameworks */,
				42302C9D2BBB4112000C8ED3 /* FirebaseAnalytics in Frameworks */,
				42302CB22BBB414A000C8ED3 /* Eureka in Frameworks */,
				42302CA52BBB4112000C8ED3 /* FirebaseFirestore in Frameworks */,
				42302CA92BBB4112000C8ED3 /* FirebaseStorage in Frameworks */,
				42302C9F2BBB4112000C8ED3 /* FirebaseAuth in Frameworks */,
				42302CA72BBB4112000C8ED3 /* FirebaseFirestoreSwift in Frameworks */,
			);
			runOnlyForDeploymentPostprocessing = 0;
		};
		E1372E912B840A17004931BD /* Frameworks */ = {
			isa = PBXFrameworksBuildPhase;
			buildActionMask = 2147483647;
			files = (
			);
			runOnlyForDeploymentPostprocessing = 0;
		};
		E1372E9B2B840A17004931BD /* Frameworks */ = {
			isa = PBXFrameworksBuildPhase;
			buildActionMask = 2147483647;
			files = (
			);
			runOnlyForDeploymentPostprocessing = 0;
		};
/* End PBXFrameworksBuildPhase section */

/* Begin PBXGroup section */
		E1372E752B840A16004931BD = {
			isa = PBXGroup;
			children = (
				E1372E802B840A16004931BD /* 44643Sec04Team04Spring2024FinalProject */,
				E1372E972B840A17004931BD /* 44643Sec04Team04Spring2024FinalProjectTests */,
				E1372EA12B840A17004931BD /* 44643Sec04Team04Spring2024FinalProjectUITests */,
				E1372E7F2B840A16004931BD /* Products */,
			);
			sourceTree = "<group>";
		};
		E1372E7F2B840A16004931BD /* Products */ = {
			isa = PBXGroup;
			children = (
				E1372E7E2B840A16004931BD /* 44643Sec04Team04Spring2024FinalProject.app */,
				E1372E942B840A17004931BD /* 44643Sec04Team04Spring2024FinalProjectTests.xctest */,
				E1372E9E2B840A17004931BD /* 44643Sec04Team04Spring2024FinalProjectUITests.xctest */,
			);
			name = Products;
			sourceTree = "<group>";
		};
		E1372E802B840A16004931BD /* 44643Sec04Team04Spring2024FinalProject */ = {
			isa = PBXGroup;
			children = (
				E1372E812B840A16004931BD /* AppDelegate.swift */,
				E1372E832B840A16004931BD /* SceneDelegate.swift */,
				E1372E872B840A16004931BD /* Main.storyboard */,
				738327C42BB7961300D8663F /* matchteamtournamentViewController.swift */,
				730FC21B2BB53925007695D3 /* Tournament view.xib */,
				E19705012BB4D87B0067D8F6 /* MyTournamentsVC.swift */,
				E19704FC2BB4D6090067D8F6 /* CreateTournamentVC.swift */,
				E16976102BB3CF1600BBD065 /* MyStatsCollectionViewController.swift */,
				E16976142BB3CFF600BBD065 /* ProfileVC.swift */,
				E169760C2BB3CD5400BBD065 /* HomeVC.swift */,
				42CEE8EB2B98E191002BC9B3 /* RegisterViewController.swift */,
				E1372E8A2B840A17004931BD /* Assets.xcassets */,
				E1372E8C2B840A17004931BD /* LaunchScreen.storyboard */,
				E1372E8F2B840A17004931BD /* Info.plist */,
				E124C1702B983387004EEB69 /* LoginViewController.swift */,
				E124C1722B98E3A9004EEB69 /* GoogleService-Info.plist */,
			);
			path = 44643Sec04Team04Spring2024FinalProject;
			sourceTree = "<group>";
		};
		E1372E972B840A17004931BD /* 44643Sec04Team04Spring2024FinalProjectTests */ = {
			isa = PBXGroup;
			children = (
				E1372E982B840A17004931BD /* _4643Sec04Team04Spring2024FinalProjectTests.swift */,
			);
			path = 44643Sec04Team04Spring2024FinalProjectTests;
			sourceTree = "<group>";
		};
		E1372EA12B840A17004931BD /* 44643Sec04Team04Spring2024FinalProjectUITests */ = {
			isa = PBXGroup;
			children = (
				E1372EA22B840A17004931BD /* _4643Sec04Team04Spring2024FinalProjectUITests.swift */,
				E1372EA42B840A17004931BD /* _4643Sec04Team04Spring2024FinalProjectUITestsLaunchTests.swift */,
			);
			path = 44643Sec04Team04Spring2024FinalProjectUITests;
			sourceTree = "<group>";
		};
/* End PBXGroup section */

/* Begin PBXNativeTarget section */
		E1372E7D2B840A16004931BD /* 44643Sec04Team04Spring2024FinalProject */ = {
			isa = PBXNativeTarget;
			buildConfigurationList = E1372EA82B840A17004931BD /* Build configuration list for PBXNativeTarget "44643Sec04Team04Spring2024FinalProject" */;
			buildPhases = (
				E1372E7A2B840A16004931BD /* Sources */,
				E1372E7B2B840A16004931BD /* Frameworks */,
				E1372E7C2B840A16004931BD /* Resources */,
			);
			buildRules = (
			);
			dependencies = (
			);
			name = 44643Sec04Team04Spring2024FinalProject;
			packageProductDependencies = (
				42302C9C2BBB4112000C8ED3 /* FirebaseAnalytics */,
				42302C9E2BBB4112000C8ED3 /* FirebaseAuth */,
				42302CA02BBB4112000C8ED3 /* FirebaseDatabase */,
				42302CA22BBB4112000C8ED3 /* FirebaseDatabaseSwift */,
				42302CA42BBB4112000C8ED3 /* FirebaseFirestore */,
				42302CA62BBB4112000C8ED3 /* FirebaseFirestoreSwift */,
				42302CA82BBB4112000C8ED3 /* FirebaseStorage */,
				42302CAB2BBB411B000C8ED3 /* AnimatedGradientView */,
				42302CAE2BBB4143000C8ED3 /* Lottie */,
				42302CB12BBB414A000C8ED3 /* Eureka */,
			);
			productName = 44643Sec04Team04Spring2024FinalProject;
			productReference = E1372E7E2B840A16004931BD /* 44643Sec04Team04Spring2024FinalProject.app */;
			productType = "com.apple.product-type.application";
		};
		E1372E932B840A17004931BD /* 44643Sec04Team04Spring2024FinalProjectTests */ = {
			isa = PBXNativeTarget;
			buildConfigurationList = E1372EAB2B840A17004931BD /* Build configuration list for PBXNativeTarget "44643Sec04Team04Spring2024FinalProjectTests" */;
			buildPhases = (
				E1372E902B840A17004931BD /* Sources */,
				E1372E912B840A17004931BD /* Frameworks */,
				E1372E922B840A17004931BD /* Resources */,
			);
			buildRules = (
			);
			dependencies = (
				E1372E962B840A17004931BD /* PBXTargetDependency */,
			);
			name = 44643Sec04Team04Spring2024FinalProjectTests;
			packageProductDependencies = (
			);
			productName = 44643Sec04Team04Spring2024FinalProjectTests;
			productReference = E1372E942B840A17004931BD /* 44643Sec04Team04Spring2024FinalProjectTests.xctest */;
			productType = "com.apple.product-type.bundle.unit-test";
		};
		E1372E9D2B840A17004931BD /* 44643Sec04Team04Spring2024FinalProjectUITests */ = {
			isa = PBXNativeTarget;
			buildConfigurationList = E1372EAE2B840A17004931BD /* Build configuration list for PBXNativeTarget "44643Sec04Team04Spring2024FinalProjectUITests" */;
			buildPhases = (
				E1372E9A2B840A17004931BD /* Sources */,
				E1372E9B2B840A17004931BD /* Frameworks */,
				E1372E9C2B840A17004931BD /* Resources */,
			);
			buildRules = (
			);
			dependencies = (
				E1372EA02B840A17004931BD /* PBXTargetDependency */,
			);
			name = 44643Sec04Team04Spring2024FinalProjectUITests;
			productName = 44643Sec04Team04Spring2024FinalProjectUITests;
			productReference = E1372E9E2B840A17004931BD /* 44643Sec04Team04Spring2024FinalProjectUITests.xctest */;
			productType = "com.apple.product-type.bundle.ui-testing";
		};
/* End PBXNativeTarget section */

/* Begin PBXProject section */
		E1372E762B840A16004931BD /* Project object */ = {
			isa = PBXProject;
			attributes = {
				BuildIndependentTargetsInParallel = 1;
				LastSwiftUpdateCheck = 1520;
				LastUpgradeCheck = 1520;
				TargetAttributes = {
					E1372E7D2B840A16004931BD = {
						CreatedOnToolsVersion = 15.2;
					};
					E1372E932B840A17004931BD = {
						CreatedOnToolsVersion = 15.2;
						TestTargetID = E1372E7D2B840A16004931BD;
					};
					E1372E9D2B840A17004931BD = {
						CreatedOnToolsVersion = 15.2;
						TestTargetID = E1372E7D2B840A16004931BD;
					};
				};
			};
			buildConfigurationList = E1372E792B840A16004931BD /* Build configuration list for PBXProject "44643Sec04Team04Spring2024FinalProject" */;
			compatibilityVersion = "Xcode 14.0";
			developmentRegion = en;
			hasScannedForEncodings = 0;
			knownRegions = (
				en,
				Base,
			);
			mainGroup = E1372E752B840A16004931BD;
			packageReferences = (
				42302C9B2BBB4112000C8ED3 /* XCRemoteSwiftPackageReference "firebase-ios-sdk" */,
				42302CAA2BBB411B000C8ED3 /* XCRemoteSwiftPackageReference "AnimatedGradientView" */,
				42302CAD2BBB4143000C8ED3 /* XCRemoteSwiftPackageReference "lottie-ios" */,
				42302CB02BBB414A000C8ED3 /* XCRemoteSwiftPackageReference "Eureka" */,
			);
			productRefGroup = E1372E7F2B840A16004931BD /* Products */;
			projectDirPath = "";
			projectRoot = "";
			targets = (
				E1372E7D2B840A16004931BD /* 44643Sec04Team04Spring2024FinalProject */,
				E1372E932B840A17004931BD /* 44643Sec04Team04Spring2024FinalProjectTests */,
				E1372E9D2B840A17004931BD /* 44643Sec04Team04Spring2024FinalProjectUITests */,
			);
		};
/* End PBXProject section */

/* Begin PBXResourcesBuildPhase section */
		E1372E7C2B840A16004931BD /* Resources */ = {
			isa = PBXResourcesBuildPhase;
			buildActionMask = 2147483647;
			files = (
				730FC21C2BB53925007695D3 /* Tournament view.xib in Resources */,
				E1372E8E2B840A17004931BD /* LaunchScreen.storyboard in Resources */,
				E124C1732B98E3A9004EEB69 /* GoogleService-Info.plist in Resources */,
				E1372E8B2B840A17004931BD /* Assets.xcassets in Resources */,
				E1372E892B840A16004931BD /* Main.storyboard in Resources */,
			);
			runOnlyForDeploymentPostprocessing = 0;
		};
		E1372E922B840A17004931BD /* Resources */ = {
			isa = PBXResourcesBuildPhase;
			buildActionMask = 2147483647;
			files = (
			);
			runOnlyForDeploymentPostprocessing = 0;
		};
		E1372E9C2B840A17004931BD /* Resources */ = {
			isa = PBXResourcesBuildPhase;
			buildActionMask = 2147483647;
			files = (
			);
			runOnlyForDeploymentPostprocessing = 0;
		};
/* End PBXResourcesBuildPhase section */

/* Begin PBXSourcesBuildPhase section */
		E1372E7A2B840A16004931BD /* Sources */ = {
			isa = PBXSourcesBuildPhase;
			buildActionMask = 2147483647;
			files = (
				E124C1712B983387004EEB69 /* LoginViewController.swift in Sources */,
				E169760D2BB3CD5400BBD065 /* HomeVC.swift in Sources */,
				E1372E822B840A16004931BD /* AppDelegate.swift in Sources */,
				E16976152BB3CFF600BBD065 /* ProfileVC.swift in Sources */,
				738327C52BB7961300D8663F /* matchteamtournamentViewController.swift in Sources */,
				E19705022BB4D87B0067D8F6 /* MyTournamentsVC.swift in Sources */,
				E1372E842B840A16004931BD /* SceneDelegate.swift in Sources */,
				E16976112BB3CF1600BBD065 /* MyStatsCollectionViewController.swift in Sources */,
				42CEE8EC2B98E191002BC9B3 /* RegisterViewController.swift in Sources */,
				E19704FD2BB4D6090067D8F6 /* CreateTournamentVC.swift in Sources */,
			);
			runOnlyForDeploymentPostprocessing = 0;
		};
		E1372E902B840A17004931BD /* Sources */ = {
			isa = PBXSourcesBuildPhase;
			buildActionMask = 2147483647;
			files = (
				E1372E992B840A17004931BD /* _4643Sec04Team04Spring2024FinalProjectTests.swift in Sources */,
			);
			runOnlyForDeploymentPostprocessing = 0;
		};
		E1372E9A2B840A17004931BD /* Sources */ = {
			isa = PBXSourcesBuildPhase;
			buildActionMask = 2147483647;
			files = (
				E1372EA52B840A17004931BD /* _4643Sec04Team04Spring2024FinalProjectUITestsLaunchTests.swift in Sources */,
				E1372EA32B840A17004931BD /* _4643Sec04Team04Spring2024FinalProjectUITests.swift in Sources */,
			);
			runOnlyForDeploymentPostprocessing = 0;
		};
/* End PBXSourcesBuildPhase section */

/* Begin PBXTargetDependency section */
		E1372E962B840A17004931BD /* PBXTargetDependency */ = {
			isa = PBXTargetDependency;
			target = E1372E7D2B840A16004931BD /* 44643Sec04Team04Spring2024FinalProject */;
			targetProxy = E1372E952B840A17004931BD /* PBXContainerItemProxy */;
		};
		E1372EA02B840A17004931BD /* PBXTargetDependency */ = {
			isa = PBXTargetDependency;
			target = E1372E7D2B840A16004931BD /* 44643Sec04Team04Spring2024FinalProject */;
			targetProxy = E1372E9F2B840A17004931BD /* PBXContainerItemProxy */;
		};
/* End PBXTargetDependency section */

/* Begin PBXVariantGroup section */
		E1372E872B840A16004931BD /* Main.storyboard */ = {
			isa = PBXVariantGroup;
			children = (
				E1372E882B840A16004931BD /* Base */,
			);
			name = Main.storyboard;
			sourceTree = "<group>";
		};
		E1372E8C2B840A17004931BD /* LaunchScreen.storyboard */ = {
			isa = PBXVariantGroup;
			children = (
				E1372E8D2B840A17004931BD /* Base */,
			);
			name = LaunchScreen.storyboard;
			sourceTree = "<group>";
		};
/* End PBXVariantGroup section */

/* Begin XCBuildConfiguration section */
		E1372EA62B840A17004931BD /* Debug */ = {
			isa = XCBuildConfiguration;
			buildSettings = {
				ALWAYS_SEARCH_USER_PATHS = NO;
				ASSETCATALOG_COMPILER_GENERATE_SWIFT_ASSET_SYMBOL_EXTENSIONS = YES;
				CLANG_ANALYZER_NONNULL = YES;
				CLANG_ANALYZER_NUMBER_OBJECT_CONVERSION = YES_AGGRESSIVE;
				CLANG_CXX_LANGUAGE_STANDARD = "gnu++20";
				CLANG_ENABLE_MODULES = YES;
				CLANG_ENABLE_OBJC_ARC = YES;
				CLANG_ENABLE_OBJC_WEAK = YES;
				CLANG_WARN_BLOCK_CAPTURE_AUTORELEASING = YES;
				CLANG_WARN_BOOL_CONVERSION = YES;
				CLANG_WARN_COMMA = YES;
				CLANG_WARN_CONSTANT_CONVERSION = YES;
				CLANG_WARN_DEPRECATED_OBJC_IMPLEMENTATIONS = YES;
				CLANG_WARN_DIRECT_OBJC_ISA_USAGE = YES_ERROR;
				CLANG_WARN_DOCUMENTATION_COMMENTS = YES;
				CLANG_WARN_EMPTY_BODY = YES;
				CLANG_WARN_ENUM_CONVERSION = YES;
				CLANG_WARN_INFINITE_RECURSION = YES;
				CLANG_WARN_INT_CONVERSION = YES;
				CLANG_WARN_NON_LITERAL_NULL_CONVERSION = YES;
				CLANG_WARN_OBJC_IMPLICIT_RETAIN_SELF = YES;
				CLANG_WARN_OBJC_LITERAL_CONVERSION = YES;
				CLANG_WARN_OBJC_ROOT_CLASS = YES_ERROR;
				CLANG_WARN_QUOTED_INCLUDE_IN_FRAMEWORK_HEADER = YES;
				CLANG_WARN_RANGE_LOOP_ANALYSIS = YES;
				CLANG_WARN_STRICT_PROTOTYPES = YES;
				CLANG_WARN_SUSPICIOUS_MOVE = YES;
				CLANG_WARN_UNGUARDED_AVAILABILITY = YES_AGGRESSIVE;
				CLANG_WARN_UNREACHABLE_CODE = YES;
				CLANG_WARN__DUPLICATE_METHOD_MATCH = YES;
				COPY_PHASE_STRIP = NO;
				DEBUG_INFORMATION_FORMAT = dwarf;
				ENABLE_STRICT_OBJC_MSGSEND = YES;
				ENABLE_TESTABILITY = YES;
				ENABLE_USER_SCRIPT_SANDBOXING = YES;
				GCC_C_LANGUAGE_STANDARD = gnu17;
				GCC_DYNAMIC_NO_PIC = NO;
				GCC_NO_COMMON_BLOCKS = YES;
				GCC_OPTIMIZATION_LEVEL = 0;
				GCC_PREPROCESSOR_DEFINITIONS = (
					"DEBUG=1",
					"$(inherited)",
				);
				GCC_WARN_64_TO_32_BIT_CONVERSION = YES;
				GCC_WARN_ABOUT_RETURN_TYPE = YES_ERROR;
				GCC_WARN_UNDECLARED_SELECTOR = YES;
				GCC_WARN_UNINITIALIZED_AUTOS = YES_AGGRESSIVE;
				GCC_WARN_UNUSED_FUNCTION = YES;
				GCC_WARN_UNUSED_VARIABLE = YES;
				IPHONEOS_DEPLOYMENT_TARGET = 17.2;
				LOCALIZATION_PREFERS_STRING_CATALOGS = YES;
				MTL_ENABLE_DEBUG_INFO = INCLUDE_SOURCE;
				MTL_FAST_MATH = YES;
				ONLY_ACTIVE_ARCH = YES;
				SDKROOT = iphoneos;
				SWIFT_ACTIVE_COMPILATION_CONDITIONS = "DEBUG $(inherited)";
				SWIFT_OPTIMIZATION_LEVEL = "-Onone";
			};
			name = Debug;
		};
		E1372EA72B840A17004931BD /* Release */ = {
			isa = XCBuildConfiguration;
			buildSettings = {
				ALWAYS_SEARCH_USER_PATHS = NO;
				ASSETCATALOG_COMPILER_GENERATE_SWIFT_ASSET_SYMBOL_EXTENSIONS = YES;
				CLANG_ANALYZER_NONNULL = YES;
				CLANG_ANALYZER_NUMBER_OBJECT_CONVERSION = YES_AGGRESSIVE;
				CLANG_CXX_LANGUAGE_STANDARD = "gnu++20";
				CLANG_ENABLE_MODULES = YES;
				CLANG_ENABLE_OBJC_ARC = YES;
				CLANG_ENABLE_OBJC_WEAK = YES;
				CLANG_WARN_BLOCK_CAPTURE_AUTORELEASING = YES;
				CLANG_WARN_BOOL_CONVERSION = YES;
				CLANG_WARN_COMMA = YES;
				CLANG_WARN_CONSTANT_CONVERSION = YES;
				CLANG_WARN_DEPRECATED_OBJC_IMPLEMENTATIONS = YES;
				CLANG_WARN_DIRECT_OBJC_ISA_USAGE = YES_ERROR;
				CLANG_WARN_DOCUMENTATION_COMMENTS = YES;
				CLANG_WARN_EMPTY_BODY = YES;
				CLANG_WARN_ENUM_CONVERSION = YES;
				CLANG_WARN_INFINITE_RECURSION = YES;
				CLANG_WARN_INT_CONVERSION = YES;
				CLANG_WARN_NON_LITERAL_NULL_CONVERSION = YES;
				CLANG_WARN_OBJC_IMPLICIT_RETAIN_SELF = YES;
				CLANG_WARN_OBJC_LITERAL_CONVERSION = YES;
				CLANG_WARN_OBJC_ROOT_CLASS = YES_ERROR;
				CLANG_WARN_QUOTED_INCLUDE_IN_FRAMEWORK_HEADER = YES;
				CLANG_WARN_RANGE_LOOP_ANALYSIS = YES;
				CLANG_WARN_STRICT_PROTOTYPES = YES;
				CLANG_WARN_SUSPICIOUS_MOVE = YES;
				CLANG_WARN_UNGUARDED_AVAILABILITY = YES_AGGRESSIVE;
				CLANG_WARN_UNREACHABLE_CODE = YES;
				CLANG_WARN__DUPLICATE_METHOD_MATCH = YES;
				COPY_PHASE_STRIP = NO;
				DEBUG_INFORMATION_FORMAT = "dwarf-with-dsym";
				ENABLE_NS_ASSERTIONS = NO;
				ENABLE_STRICT_OBJC_MSGSEND = YES;
				ENABLE_USER_SCRIPT_SANDBOXING = YES;
				GCC_C_LANGUAGE_STANDARD = gnu17;
				GCC_NO_COMMON_BLOCKS = YES;
				GCC_WARN_64_TO_32_BIT_CONVERSION = YES;
				GCC_WARN_ABOUT_RETURN_TYPE = YES_ERROR;
				GCC_WARN_UNDECLARED_SELECTOR = YES;
				GCC_WARN_UNINITIALIZED_AUTOS = YES_AGGRESSIVE;
				GCC_WARN_UNUSED_FUNCTION = YES;
				GCC_WARN_UNUSED_VARIABLE = YES;
				IPHONEOS_DEPLOYMENT_TARGET = 17.2;
				LOCALIZATION_PREFERS_STRING_CATALOGS = YES;
				MTL_ENABLE_DEBUG_INFO = NO;
				MTL_FAST_MATH = YES;
				SDKROOT = iphoneos;
				SWIFT_COMPILATION_MODE = wholemodule;
				VALIDATE_PRODUCT = YES;
			};
			name = Release;
		};
		E1372EA92B840A17004931BD /* Debug */ = {
			isa = XCBuildConfiguration;
			buildSettings = {
				ASSETCATALOG_COMPILER_APPICON_NAME = AppIcon;
				ASSETCATALOG_COMPILER_GLOBAL_ACCENT_COLOR_NAME = AccentColor;
				CODE_SIGN_STYLE = Automatic;
				CURRENT_PROJECT_VERSION = 1;
				DEVELOPMENT_TEAM = XDT374UP4K;
				GENERATE_INFOPLIST_FILE = YES;
				INFOPLIST_FILE = 44643Sec04Team04Spring2024FinalProject/Info.plist;
				INFOPLIST_KEY_UIApplicationSupportsIndirectInputEvents = YES;
				INFOPLIST_KEY_UILaunchStoryboardName = LaunchScreen;
				INFOPLIST_KEY_UIMainStoryboardFile = Main;
				INFOPLIST_KEY_UISupportedInterfaceOrientations_iPad = "UIInterfaceOrientationPortrait UIInterfaceOrientationPortraitUpsideDown UIInterfaceOrientationLandscapeLeft UIInterfaceOrientationLandscapeRight";
				INFOPLIST_KEY_UISupportedInterfaceOrientations_iPhone = "UIInterfaceOrientationPortrait UIInterfaceOrientationLandscapeLeft UIInterfaceOrientationLandscapeRight";
				LD_RUNPATH_SEARCH_PATHS = (
					"$(inherited)",
					"@executable_path/Frameworks",
				);
				MARKETING_VERSION = 1.0;
				PRODUCT_BUNDLE_IDENTIFIER = "edu.nwmissouri.spring24.cs44643.sec04.-4643Sec04Team04Spring2024FinalProject";
				PRODUCT_NAME = "$(TARGET_NAME)";
				SWIFT_EMIT_LOC_STRINGS = YES;
				SWIFT_VERSION = 5.0;
				TARGETED_DEVICE_FAMILY = "1,2";
			};
			name = Debug;
		};
		E1372EAA2B840A17004931BD /* Release */ = {
			isa = XCBuildConfiguration;
			buildSettings = {
				ASSETCATALOG_COMPILER_APPICON_NAME = AppIcon;
				ASSETCATALOG_COMPILER_GLOBAL_ACCENT_COLOR_NAME = AccentColor;
				CODE_SIGN_STYLE = Automatic;
				CURRENT_PROJECT_VERSION = 1;
				DEVELOPMENT_TEAM = XDT374UP4K;
				GENERATE_INFOPLIST_FILE = YES;
				INFOPLIST_FILE = 44643Sec04Team04Spring2024FinalProject/Info.plist;
				INFOPLIST_KEY_UIApplicationSupportsIndirectInputEvents = YES;
				INFOPLIST_KEY_UILaunchStoryboardName = LaunchScreen;
				INFOPLIST_KEY_UIMainStoryboardFile = Main;
				INFOPLIST_KEY_UISupportedInterfaceOrientations_iPad = "UIInterfaceOrientationPortrait UIInterfaceOrientationPortraitUpsideDown UIInterfaceOrientationLandscapeLeft UIInterfaceOrientationLandscapeRight";
				INFOPLIST_KEY_UISupportedInterfaceOrientations_iPhone = "UIInterfaceOrientationPortrait UIInterfaceOrientationLandscapeLeft UIInterfaceOrientationLandscapeRight";
				LD_RUNPATH_SEARCH_PATHS = (
					"$(inherited)",
					"@executable_path/Frameworks",
				);
				MARKETING_VERSION = 1.0;
				PRODUCT_BUNDLE_IDENTIFIER = "edu.nwmissouri.spring24.cs44643.sec04.-4643Sec04Team04Spring2024FinalProject";
				PRODUCT_NAME = "$(TARGET_NAME)";
				SWIFT_EMIT_LOC_STRINGS = YES;
				SWIFT_VERSION = 5.0;
				TARGETED_DEVICE_FAMILY = "1,2";
			};
			name = Release;
		};
		E1372EAC2B840A17004931BD /* Debug */ = {
			isa = XCBuildConfiguration;
			buildSettings = {
				ALWAYS_EMBED_SWIFT_STANDARD_LIBRARIES = YES;
				BUNDLE_LOADER = "$(TEST_HOST)";
				CODE_SIGN_STYLE = Automatic;
				CURRENT_PROJECT_VERSION = 1;
				DEVELOPMENT_TEAM = XDT374UP4K;
				GENERATE_INFOPLIST_FILE = YES;
				IPHONEOS_DEPLOYMENT_TARGET = 17.2;
				MARKETING_VERSION = 1.0;
				PRODUCT_BUNDLE_IDENTIFIER = "edu.nwmissouri.spring24.cs44643.sec04.-4643Sec04Team04Spring2024FinalProjectTests";
				PRODUCT_NAME = "$(TARGET_NAME)";
				SWIFT_EMIT_LOC_STRINGS = NO;
				SWIFT_VERSION = 5.0;
				TARGETED_DEVICE_FAMILY = "1,2";
				TEST_HOST = "$(BUILT_PRODUCTS_DIR)/44643Sec04Team04Spring2024FinalProject.app/$(BUNDLE_EXECUTABLE_FOLDER_PATH)/44643Sec04Team04Spring2024FinalProject";
			};
			name = Debug;
		};
		E1372EAD2B840A17004931BD /* Release */ = {
			isa = XCBuildConfiguration;
			buildSettings = {
				ALWAYS_EMBED_SWIFT_STANDARD_LIBRARIES = YES;
				BUNDLE_LOADER = "$(TEST_HOST)";
				CODE_SIGN_STYLE = Automatic;
				CURRENT_PROJECT_VERSION = 1;
				DEVELOPMENT_TEAM = XDT374UP4K;
				GENERATE_INFOPLIST_FILE = YES;
				IPHONEOS_DEPLOYMENT_TARGET = 17.2;
				MARKETING_VERSION = 1.0;
				PRODUCT_BUNDLE_IDENTIFIER = "edu.nwmissouri.spring24.cs44643.sec04.-4643Sec04Team04Spring2024FinalProjectTests";
				PRODUCT_NAME = "$(TARGET_NAME)";
				SWIFT_EMIT_LOC_STRINGS = NO;
				SWIFT_VERSION = 5.0;
				TARGETED_DEVICE_FAMILY = "1,2";
				TEST_HOST = "$(BUILT_PRODUCTS_DIR)/44643Sec04Team04Spring2024FinalProject.app/$(BUNDLE_EXECUTABLE_FOLDER_PATH)/44643Sec04Team04Spring2024FinalProject";
			};
			name = Release;
		};
		E1372EAF2B840A17004931BD /* Debug */ = {
			isa = XCBuildConfiguration;
			buildSettings = {
				ALWAYS_EMBED_SWIFT_STANDARD_LIBRARIES = YES;
				CODE_SIGN_STYLE = Automatic;
				CURRENT_PROJECT_VERSION = 1;
				DEVELOPMENT_TEAM = XDT374UP4K;
				GENERATE_INFOPLIST_FILE = YES;
				MARKETING_VERSION = 1.0;
				PRODUCT_BUNDLE_IDENTIFIER = "edu.nwmissouri.spring24.cs44643.sec04.-4643Sec04Team04Spring2024FinalProjectUITests";
				PRODUCT_NAME = "$(TARGET_NAME)";
				SWIFT_EMIT_LOC_STRINGS = NO;
				SWIFT_VERSION = 5.0;
				TARGETED_DEVICE_FAMILY = "1,2";
				TEST_TARGET_NAME = 44643Sec04Team04Spring2024FinalProject;
			};
			name = Debug;
		};
		E1372EB02B840A17004931BD /* Release */ = {
			isa = XCBuildConfiguration;
			buildSettings = {
				ALWAYS_EMBED_SWIFT_STANDARD_LIBRARIES = YES;
				CODE_SIGN_STYLE = Automatic;
				CURRENT_PROJECT_VERSION = 1;
				DEVELOPMENT_TEAM = XDT374UP4K;
				GENERATE_INFOPLIST_FILE = YES;
				MARKETING_VERSION = 1.0;
				PRODUCT_BUNDLE_IDENTIFIER = "edu.nwmissouri.spring24.cs44643.sec04.-4643Sec04Team04Spring2024FinalProjectUITests";
				PRODUCT_NAME = "$(TARGET_NAME)";
				SWIFT_EMIT_LOC_STRINGS = NO;
				SWIFT_VERSION = 5.0;
				TARGETED_DEVICE_FAMILY = "1,2";
				TEST_TARGET_NAME = 44643Sec04Team04Spring2024FinalProject;
			};
			name = Release;
		};
/* End XCBuildConfiguration section */

/* Begin XCConfigurationList section */
		E1372E792B840A16004931BD /* Build configuration list for PBXProject "44643Sec04Team04Spring2024FinalProject" */ = {
			isa = XCConfigurationList;
			buildConfigurations = (
				E1372EA62B840A17004931BD /* Debug */,
				E1372EA72B840A17004931BD /* Release */,
			);
			defaultConfigurationIsVisible = 0;
			defaultConfigurationName = Release;
		};
		E1372EA82B840A17004931BD /* Build configuration list for PBXNativeTarget "44643Sec04Team04Spring2024FinalProject" */ = {
			isa = XCConfigurationList;
			buildConfigurations = (
				E1372EA92B840A17004931BD /* Debug */,
				E1372EAA2B840A17004931BD /* Release */,
			);
			defaultConfigurationIsVisible = 0;
			defaultConfigurationName = Release;
		};
		E1372EAB2B840A17004931BD /* Build configuration list for PBXNativeTarget "44643Sec04Team04Spring2024FinalProjectTests" */ = {
			isa = XCConfigurationList;
			buildConfigurations = (
				E1372EAC2B840A17004931BD /* Debug */,
				E1372EAD2B840A17004931BD /* Release */,
			);
			defaultConfigurationIsVisible = 0;
			defaultConfigurationName = Release;
		};
		E1372EAE2B840A17004931BD /* Build configuration list for PBXNativeTarget "44643Sec04Team04Spring2024FinalProjectUITests" */ = {
			isa = XCConfigurationList;
			buildConfigurations = (
				E1372EAF2B840A17004931BD /* Debug */,
				E1372EB02B840A17004931BD /* Release */,
			);
			defaultConfigurationIsVisible = 0;
			defaultConfigurationName = Release;
		};
/* End XCConfigurationList section */

/* Begin XCRemoteSwiftPackageReference section */
		42302C9B2BBB4112000C8ED3 /* XCRemoteSwiftPackageReference "firebase-ios-sdk" */ = {
			isa = XCRemoteSwiftPackageReference;
			repositoryURL = "https://github.com/firebase/firebase-ios-sdk.git";
			requirement = {
				kind = upToNextMajorVersion;
				minimumVersion = 10.23.1;
			};
		};
		42302CAA2BBB411B000C8ED3 /* XCRemoteSwiftPackageReference "AnimatedGradientView" */ = {
			isa = XCRemoteSwiftPackageReference;
			repositoryURL = "https://github.com/rwbutler/AnimatedGradientView.git";
			requirement = {
				kind = upToNextMajorVersion;
				minimumVersion = 3.1.1;
			};
		};
		42302CAD2BBB4143000C8ED3 /* XCRemoteSwiftPackageReference "lottie-ios" */ = {
			isa = XCRemoteSwiftPackageReference;
			repositoryURL = "https://github.com/airbnb/lottie-ios.git";
			requirement = {
				kind = upToNextMajorVersion;
				minimumVersion = 4.4.1;
			};
		};
		42302CB02BBB414A000C8ED3 /* XCRemoteSwiftPackageReference "Eureka" */ = {
			isa = XCRemoteSwiftPackageReference;
			repositoryURL = "https://github.com/xmartlabs/Eureka.git";
			requirement = {
				kind = upToNextMajorVersion;
				minimumVersion = 5.4.0;
			};
		};
/* End XCRemoteSwiftPackageReference section */

/* Begin XCSwiftPackageProductDependency section */
		42302C9C2BBB4112000C8ED3 /* FirebaseAnalytics */ = {
			isa = XCSwiftPackageProductDependency;
			package = 42302C9B2BBB4112000C8ED3 /* XCRemoteSwiftPackageReference "firebase-ios-sdk" */;
			productName = FirebaseAnalytics;
		};
		42302C9E2BBB4112000C8ED3 /* FirebaseAuth */ = {
			isa = XCSwiftPackageProductDependency;
			package = 42302C9B2BBB4112000C8ED3 /* XCRemoteSwiftPackageReference "firebase-ios-sdk" */;
			productName = FirebaseAuth;
		};
		42302CA02BBB4112000C8ED3 /* FirebaseDatabase */ = {
			isa = XCSwiftPackageProductDependency;
			package = 42302C9B2BBB4112000C8ED3 /* XCRemoteSwiftPackageReference "firebase-ios-sdk" */;
			productName = FirebaseDatabase;
		};
		42302CA22BBB4112000C8ED3 /* FirebaseDatabaseSwift */ = {
			isa = XCSwiftPackageProductDependency;
			package = 42302C9B2BBB4112000C8ED3 /* XCRemoteSwiftPackageReference "firebase-ios-sdk" */;
			productName = FirebaseDatabaseSwift;
		};
		42302CA42BBB4112000C8ED3 /* FirebaseFirestore */ = {
			isa = XCSwiftPackageProductDependency;
			package = 42302C9B2BBB4112000C8ED3 /* XCRemoteSwiftPackageReference "firebase-ios-sdk" */;
			productName = FirebaseFirestore;
		};
		42302CA62BBB4112000C8ED3 /* FirebaseFirestoreSwift */ = {
			isa = XCSwiftPackageProductDependency;
			package = 42302C9B2BBB4112000C8ED3 /* XCRemoteSwiftPackageReference "firebase-ios-sdk" */;
			productName = FirebaseFirestoreSwift;
		};
		42302CA82BBB4112000C8ED3 /* FirebaseStorage */ = {
			isa = XCSwiftPackageProductDependency;
			package = 42302C9B2BBB4112000C8ED3 /* XCRemoteSwiftPackageReference "firebase-ios-sdk" */;
			productName = FirebaseStorage;
		};
		42302CAB2BBB411B000C8ED3 /* AnimatedGradientView */ = {
			isa = XCSwiftPackageProductDependency;
			package = 42302CAA2BBB411B000C8ED3 /* XCRemoteSwiftPackageReference "AnimatedGradientView" */;
			productName = AnimatedGradientView;
		};
		42302CAE2BBB4143000C8ED3 /* Lottie */ = {
			isa = XCSwiftPackageProductDependency;
			package = 42302CAD2BBB4143000C8ED3 /* XCRemoteSwiftPackageReference "lottie-ios" */;
			productName = Lottie;
		};
		42302CB12BBB414A000C8ED3 /* Eureka */ = {
			isa = XCSwiftPackageProductDependency;
			package = 42302CB02BBB414A000C8ED3 /* XCRemoteSwiftPackageReference "Eureka" */;
			productName = Eureka;
		};
/* End XCSwiftPackageProductDependency section */
	};
	rootObject = E1372E762B840A16004931BD /* Project object */;
}
